{
  "name": "@hazae41/disposable-stack-polyfill",
  "version": "2.0.3",
  "lockfileVersion": 3,
  "requires": true,
  "packages": {
    "": {
      "name": "@hazae41/disposable-stack-polyfill",
      "version": "2.0.3",
      "license": "MIT",
      "dependencies": {
        "tslib": "^2.8.1"
      },
      "devDependencies": {
        "@hazae41/phobos": "^2.0.13",
        "@hazae41/tscousin": "^1.0.28",
        "typescript": "^5.9.3"
      }
    },
    "node_modules/@hazae41/phobos": {
      "version": "2.0.13",
      "resolved": "https://registry.npmjs.org/@hazae41/phobos/-/phobos-2.0.13.tgz",
      "integrity": "sha512-5v/hh90e/tGxklBn/uzdUd+TFPgvSusbddVHvDIDGN68SakVCmM1us/X/xPG4Hvo0Elf7UNpaxLUVGfBZ0tHKg==",
      "dev": true
    },
    "node_modules/@hazae41/tscousin": {
      "version": "1.0.28",
      "resolved": "https://registry.npmjs.org/@hazae41/tscousin/-/tscousin-1.0.28.tgz",
      "integrity": "sha512-Wrg/66m0hLexrifpzJ5a/D7Jzb7FhLzBWrCFAgjZa+DIU8prA5rX4MwD5K34UZ6jsYBRZsYwNeVEYRqOIJHOEQ==",
      "dev": true,
      "bin": {
        "tscousin": "out/bin.js"
      }
    },
    "node_modules/tslib": {
      "version": "2.8.1",
      "resolved": "https://registry.npmjs.org/tslib/-/tslib-2.8.1.tgz",
      "integrity": "sha512-oJFu94HQb+KVduSUQL7wnpmqnfmLsOA/nAh6b6EH0wCEoK0/mPeXU6c3wKDV83MkOuHPRHtSXKKU99IBazS/2w==",
      "license": "0BSD"
    },
    "node_modules/typescript": {
      "version": "5.9.3",
      "resolved": "https://registry.npmjs.org/typescript/-/typescript-5.9.3.tgz",
      "integrity": "sha512-jl1vZzPDinLr9eUt3J/t7V6FgNEw9QjvBPdysz9KfQDD41fQrC2Y4vKQdiaUpFT4bXlb1RHhLpp8wtm6M5TgSw==",
      "dev": true,
      "license": "Apache-2.0",
      "bin": {
        "tsc": "bin/tsc",
        "tsserver": "bin/tsserver"
      },
      "engines": {
        "node": ">=14.17"
      }
    }
  }
}
